{
  "name": "miniprogram-ts-less-quickstart",
  "version": "1.0.0",
  "lockfileVersion": 3,
  "requires": true,
  "packages": {
    "": {
      "name": "miniprogram-ts-less-quickstart",
      "version": "1.0.0",
      "license": "ISC",
      "dependencies": {
        "@tencentcloud/chat": "^3.6.6",
        "@tencentcloud/chat-uikit-wechat": "^2.4.4"
      },
      "devDependencies": {
        "miniprogram-api-typings": "^2.8.3-1"
      }
    },
    "node_modules/@tencentcloud/chat": {
      "version": "3.6.6",
      "resolved": "https://registry.npmjs.org/@tencentcloud/chat/-/chat-3.6.6.tgz",
      "integrity": "sha512-PYPGUoZHw3GjDgM0N72qr0K/Wjp28HAoGaND077sbUQEwYFaMjZ1tuBQZugFG6v8OS8Ihx71yqNshR3xDHvYaA==",
      "license": "ISC"
    },
    "node_modules/@tencentcloud/chat-uikit-engine": {
      "version": "2.5.8",
      "resolved": "https://registry.npmjs.org/@tencentcloud/chat-uikit-engine/-/chat-uikit-engine-2.5.8.tgz",
      "integrity": "sha512-oznl02n4VyBW3yDBC09uqoLAU/szht+mJqMZtRbjv1680Lv7V4ZmxSFCbjVjYNCtfzoqm6grHRFx/siAh50W/Q==",
      "license": "ISC",
      "dependencies": {
        "@tencentcloud/chat": "latest",
        "tim-profanity-filter-plugin": "latest",
        "tim-upload-plugin": "latest"
      }
    },
    "node_modules/@tencentcloud/chat-uikit-wechat": {
      "version": "2.4.4",
      "resolved": "https://registry.npmjs.org/@tencentcloud/chat-uikit-wechat/-/chat-uikit-wechat-2.4.4.tgz",
      "integrity": "sha512-NQWuf4wToF+HRAbaIUSfqnPcJRwUk7xj6kAbmZvz+ceVpgEhu1uzoW/5Teqf5ejnZ3GCFk/wfRtBZ5+AsY7LMg==",
      "license": "ISC",
      "dependencies": {
        "@tencentcloud/chat": "latest",
        "@tencentcloud/chat-uikit-engine": "latest",
        "@tencentcloud/tui-core": "latest",
        "tim-profanity-filter-plugin": "latest",
        "tim-upload-plugin": "latest"
      }
    },
    "node_modules/@tencentcloud/tui-core": {
      "version": "2.5.1",
      "resolved": "https://registry.npmjs.org/@tencentcloud/tui-core/-/tui-core-2.5.1.tgz",
      "integrity": "sha512-aXZG0INkV9WvFUHgmVQRibCs10r2u/oVb8qAEjW3maytBiLWOJQiK7dzshK9fnfadJAWQ027cpR8lCKz5r5Tlw==",
      "license": "ISC",
      "dependencies": {
        "@tencentcloud/chat": "latest",
        "tim-profanity-filter-plugin": "latest",
        "tim-upload-plugin": "latest"
      }
    },
    "node_modules/miniprogram-api-typings": {
      "version": "2.12.0",
      "resolved": "https://registry.npmjs.org/miniprogram-api-typings/-/miniprogram-api-typings-2.12.0.tgz",
      "integrity": "sha512-ibvbqeslVFur0IAvTxLMvsbtvVcMo6gwvOnj0YZHV7aeDLu091VQRrETT2QuiG9P6aZWRcxeNGJChRKVPCp9VQ==",
      "dev": true,
      "license": "MIT"
    },
    "node_modules/tim-profanity-filter-plugin": {
      "version": "1.1.0",
      "resolved": "https://registry.npmjs.org/tim-profanity-filter-plugin/-/tim-profanity-filter-plugin-1.1.0.tgz",
      "integrity": "sha512-+49p+n5LJs18rSPBvJFyq/m6ib8wiXvPEx2/Sz3M7hhDXAz69WuZ8cB/painNrN0MKAETf6G5cWa6xtVZfAK7A==",
      "license": "ISC"
    },
    "node_modules/tim-upload-plugin": {
      "version": "1.4.3",
      "resolved": "https://registry.npmjs.org/tim-upload-plugin/-/tim-upload-plugin-1.4.3.tgz",
      "integrity": "sha512-3ZmbA36dr3eG9YGDon9MLBUtbNawYWkL+TBa+VS0Uviguc7PlVSOIVRG2C4irXX16slDT2Kj+HAZapp+Xqp2xg==",
      "license": "ISC"
    }
  }
}
